langcode: en
status: true
dependencies:
  enforced:
    module:
      - recipes_magazin_contenta
  module:
    - block
id: block--block
disabled: false
path: blocks
resourceType: blocks
resourceFields:
  id:
    fieldName: id
    publicName: internalId
    enhancer:
      id: ''
    disabled: false
  status:
    fieldName: status
    publicName: isPublished
    enhancer:
      id: ''
    disabled: false
  revision:
    disabled: true
    fieldName: revision
    publicName: revision
    enhancer:
      id: ''
  bundle:
    fieldName: bundle
    publicName: bundle
    enhancer:
      id: ''
    disabled: false
  langcode:
    disabled: true
    fieldName: langcode
    publicName: langcode
    enhancer:
      id: ''
  default_langcode:
    disabled: true
    fieldName: default_langcode
    publicName: default_langcode
    enhancer:
      id: ''
  uuid:
    disabled: true
    fieldName: uuid
    publicName: uuid
    enhancer:
      id: ''
